// !$*UTF8*$!
{
	archiveVersion = 1;
	classes = {
	};
	objectVersion = 77;
	objects = {

/* Begin PBXBuildFile section */
		7166A5B82F04EE14000C5408 /* Kingfisher in Frameworks */ = {isa = PBXBuildFile; productRef = 7166A5B72F04EE14000C5408 /* Kingfisher */; };
/* End PBXBuildFile section */

/* Begin PBXContainerItemProxy section */
		7166A5502F04BB55000C5408 /* PBXContainerItemProxy */ = {
			isa = PBXContainerItemProxy;
			containerPortal = 7166A53A2F04BB54000C5408 /* Project object */;
			proxyType = 1;
			remoteGlobalIDString = 7166A5412F04BB54000C5408;
			remoteInfo = PotteryClient;
		};
		7166A55A2F04BB55000C5408 /* PBXContainerItemProxy */ = {
			isa = PBXContainerItemProxy;
			containerPortal = 7166A53A2F04BB54000C5408 /* Project object */;
			proxyType = 1;
			remoteGlobalIDString = 7166A5412F04BB54000C5408;
			remoteInfo = PotteryClient;
		};
/* End PBXContainerItemProxy section */

/* Begin PBXFileReference section */
		7166A5422F04BB54000C5408 /* PotteryClient.app */ = {isa = PBXFileReference; explicitFileType = wrapper.application; includeInIndex = 0; path = PotteryClient.app; sourceTree = BUILT_PRODUCTS_DIR; };
		7166A54F2F04BB55000C5408 /* PotteryClientTests.xctest */ = {isa = PBXFileReference; explicitFileType = wrapper.cfbundle; includeInIndex = 0; path = PotteryClientTests.xctest; sourceTree = BUILT_PRODUCTS_DIR; };
		7166A5592F04BB55000C5408 /* PotteryClientUITests.xctest */ = {isa = PBXFileReference; explicitFileType = wrapper.cfbundle; includeInIndex = 0; path = PotteryClientUITests.xctest; sourceTree = BUILT_PRODUCTS_DIR; };
/* End PBXFileReference section */

/* Begin PBXFileSystemSynchronizedRootGroup section */
		7166A5442F04BB54000C5408 /* PotteryClient */ = {
			isa = PBXFileSystemSynchronizedRootGroup;
			path = PotteryClient;
			sourceTree = "<group>";
		};
		7166A5522F04BB55000C5408 /* PotteryClientTests */ = {
			isa = PBXFileSystemSynchronizedRootGroup;
			path = PotteryClientTests;
			sourceTree = "<group>";
		};
		7166A55C2F04BB55000C5408 /* PotteryClientUITests */ = {
			isa = PBXFileSystemSynchronizedRootGroup;
			path = PotteryClientUITests;
			sourceTree = "<group>";
		};
/* End PBXFileSystemSynchronizedRootGroup section */

/* Begin PBXFrameworksBuildPhase section */
		7166A53F2F04BB54000C5408 /* Frameworks */ = {
			isa = PBXFrameworksBuildPhase;
			buildActionMask = 2147483647;
			files = (
				7166A5B82F04EE14000C5408 /* Kingfisher in Frameworks */,
			);
			runOnlyForDeploymentPostprocessing = 0;
		};
		7166A54C2F04BB55000C5408 /* Frameworks */ = {
			isa = PBXFrameworksBuildPhase;
			buildActionMask = 2147483647;
			files = (
			);
			runOnlyForDeploymentPostprocessing = 0;
		};
		7166A5562F04BB55000C5408 /* Frameworks */ = {
			isa = PBXFrameworksBuildPhase;
			buildActionMask = 2147483647;
			files = (
			);
			runOnlyForDeploymentPostprocessing = 0;
		};
/* End PBXFrameworksBuildPhase section */

/* Begin PBXGroup section */
		7166A5392F04BB54000C5408 = {
			isa = PBXGroup;
			children = (
				7166A5442F04BB54000C5408 /* PotteryClient */,
				7166A5522F04BB55000C5408 /* PotteryClientTests */,
				7166A55C2F04BB55000C5408 /* PotteryClientUITests */,
				7166A5B62F04EE14000C5408 /* Frameworks */,
				7166A5432F04BB54000C5408 /* Products */,
			);
			sourceTree = "<group>";
		};
		7166A5432F04BB54000C5408 /* Products */ = {
			isa = PBXGroup;
			children = (
				7166A5422F04BB54000C5408 /* PotteryClient.app */,
				7166A54F2F04BB55000C5408 /* PotteryClientTests.xctest */,
				7166A5592F04BB55000C5408 /* PotteryClientUITests.xctest */,
			);
			name = Products;
			sourceTree = "<group>";
		};
		7166A5B62F04EE14000C5408 /* Frameworks */ = {
			isa = PBXGroup;
			children = (
			);
			name = Frameworks;
			sourceTree = "<group>";
		};
/* End PBXGroup section */

/* Begin PBXNativeTarget section */
		7166A5412F04BB54000C5408 /* PotteryClient */ = {
			isa = PBXNativeTarget;
			buildConfigurationList = 7166A5632F04BB55000C5408 /* Build configuration list for PBXNativeTarget "PotteryClient" */;
			buildPhases = (
				7166A53E2F04BB54000C5408 /* Sources */,
				7166A53F2F04BB54000C5408 /* Frameworks */,
				7166A5402F04BB54000C5408 /* Resources */,
			);
			buildRules = (
			);
			dependencies = (
			);
			fileSystemSynchronizedGroups = (
				7166A5442F04BB54000C5408 /* PotteryClient */,
			);
			name = PotteryClient;
			packageProductDependencies = (
				7166A5B72F04EE14000C5408 /* Kingfisher */,
			);
			productName = PotteryClient;
			productReference = 7166A5422F04BB54000C5408 /* PotteryClient.app */;
			productType = "com.apple.product-type.application";
		};
		7166A54E2F04BB55000C5408 /* PotteryClientTests */ = {
			isa = PBXNativeTarget;
			buildConfigurationList = 7166A5662F04BB55000C5408 /* Build configuration list for PBXNativeTarget "PotteryClientTests" */;
			buildPhases = (
				7166A54B2F04BB55000C5408 /* Sources */,
				7166A54C2F04BB55000C5408 /* Frameworks */,
				7166A54D2F04BB55000C5408 /* Resources */,
			);
			buildRules = (
			);
			dependencies = (
				7166A5512F04BB55000C5408 /* PBXTargetDependency */,
			);
			fileSystemSynchronizedGroups = (
				7166A5522F04BB55000C5408 /* PotteryClientTests */,
			);
			name = PotteryClientTests;
			packageProductDependencies = (
			);
			productName = PotteryClientTests;
			productReference = 7166A54F2F04BB55000C5408 /* PotteryClientTests.xctest */;
			productType = "com.apple.product-type.bundle.unit-test";
		};
		7166A5582F04BB55000C5408 /* PotteryClientUITests */ = {
			isa = PBXNativeTarget;
			buildConfigurationList = 7166A5692F04BB55000C5408 /* Build configuration list for PBXNativeTarget "PotteryClientUITests" */;
			buildPhases = (
				7166A5552F04BB55000C5408 /* Sources */,
				7166A5562F04BB55000C5408 /* Frameworks */,
				7166A5572F04BB55000C5408 /* Resources */,
			);
			buildRules = (
			);
			dependencies = (
				7166A55B2F04BB55000C5408 /* PBXTargetDependency */,
			);
			fileSystemSynchronizedGroups = (
				7166A55C2F04BB55000C5408 /* PotteryClientUITests */,
			);
			name = PotteryClientUITests;
			packageProductDependencies = (
			);
			productName = PotteryClientUITests;
			productReference = 7166A5592F04BB55000C5408 /* PotteryClientUITests.xctest */;
			productType = "com.apple.product-type.bundle.ui-testing";
		};
/* End PBXNativeTarget section */

/* Begin PBXProject section */
		7166A53A2F04BB54000C5408 /* Project object */ = {
			isa = PBXProject;
			attributes = {
				BuildIndependentTargetsInParallel = 1;
				LastSwiftUpdateCheck = 1640;
				LastUpgradeCheck = 1640;
				TargetAttributes = {
					7166A5412F04BB54000C5408 = {
						CreatedOnToolsVersion = 16.4;
					};
					7166A54E2F04BB55000C5408 = {
						CreatedOnToolsVersion = 16.4;
						TestTargetID = 7166A5412F04BB54000C5408;
					};
					7166A5582F04BB55000C5408 = {
						CreatedOnToolsVersion = 16.4;
						TestTargetID = 7166A5412F04BB54000C5408;
					};
				};
			};
			buildConfigurationList = 7166A53D2F04BB54000C5408 /* Build configuration list for PBXProject "PotteryClient" */;
			developmentRegion = en;
			hasScannedForEncodings = 0;
			knownRegions = (
				en,
				Base,
			);
			mainGroup = 7166A5392F04BB54000C5408;
			minimizedProjectReferenceProxies = 1;
			packageReferences = (
				7166A5942F04E92C000C5408 /* XCRemoteSwiftPackageReference "Kingfisher" */,
			);
			preferredProjectObjectVersion = 77;
			productRefGroup = 7166A5432F04BB54000C5408 /* Products */;
			projectDirPath = "";
			projectRoot = "";
			targets = (
				7166A5412F04BB54000C5408 /* PotteryClient */,
				7166A54E2F04BB55000C5408 /* PotteryClientTests */,
				7166A5582F04BB55000C5408 /* PotteryClientUITests */,
			);
		};
/* End PBXProject section */

/* Begin PBXResourcesBuildPhase section */
		7166A5402F04BB54000C5408 /* Resources */ = {
			isa = PBXResourcesBuildPhase;
			buildActionMask = 2147483647;
			files = (
			);
			runOnlyForDeploymentPostprocessing = 0;
		};
		7166A54D2F04BB55000C5408 /* Resources */ = {
			isa = PBXResourcesBuildPhase;
			buildActionMask = 2147483647;
			files = (
			);
			runOnlyForDeploymentPostprocessing = 0;
		};
		7166A5572F04BB55000C5408 /* Resources */ = {
			isa = PBXResourcesBuildPhase;
			buildActionMask = 2147483647;
			files = (
			);
			runOnlyForDeploymentPostprocessing = 0;
		};
/* End PBXResourcesBuildPhase section */

/* Begin PBXSourcesBuildPhase section */
		7166A53E2F04BB54000C5408 /* Sources */ = {
			isa = PBXSourcesBuildPhase;
			buildActionMask = 2147483647;
			files = (
			);
			runOnlyForDeploymentPostprocessing = 0;
		};
		7166A54B2F04BB55000C5408 /* Sources */ = {
			isa = PBXSourcesBuildPhase;
			buildActionMask = 2147483647;
			files = (
			);
			runOnlyForDeploymentPostprocessing = 0;
		};
		7166A5552F04BB55000C5408 /* Sources */ = {
			isa = PBXSourcesBuildPhase;
			buildActionMask = 2147483647;
			files = (
			);
			runOnlyForDeploymentPostprocessing = 0;
		};
/* End PBXSourcesBuildPhase section */

/* Begin PBXTargetDependency section */
		7166A5512F04BB55000C5408 /* PBXTargetDependency */ = {
			isa = PBXTargetDependency;
			target = 7166A5412F04BB54000C5408 /* PotteryClient */;
			targetProxy = 7166A5502F04BB55000C5408 /* PBXContainerItemProxy */;
		};
		7166A55B2F04BB55000C5408 /* PBXTargetDependency */ = {
			isa = PBXTargetDependency;
			target = 7166A5412F04BB54000C5408 /* PotteryClient */;
			targetProxy = 7166A55A2F04BB55000C5408 /* PBXContainerItemProxy */;
		};
/* End PBXTargetDependency section */

/* Begin XCBuildConfiguration section */
		7166A5612F04BB55000C5408 /* Debug */ = {
			isa = XCBuildConfiguration;
			buildSettings = {
				ALWAYS_SEARCH_USER_PATHS = NO;
				ASSETCATALOG_COMPILER_GENERATE_SWIFT_ASSET_SYMBOL_EXTENSIONS = YES;
				CLANG_ANALYZER_NONNULL = YES;
				CLANG_ANALYZER_NUMBER_OBJECT_CONVERSION = YES_AGGRESSIVE;
				CLANG_CXX_LANGUAGE_STANDARD = "gnu++20";
				CLANG_ENABLE_MODULES = YES;
				CLANG_ENABLE_OBJC_ARC = YES;
				CLANG_ENABLE_OBJC_WEAK = YES;
				CLANG_WARN_BLOCK_CAPTURE_AUTORELEASING = YES;
				CLANG_WARN_BOOL_CONVERSION = YES;
				CLANG_WARN_COMMA = YES;
				CLANG_WARN_CONSTANT_CONVERSION = YES;
				CLANG_WARN_DEPRECATED_OBJC_IMPLEMENTATIONS = YES;
				CLANG_WARN_DIRECT_OBJC_ISA_USAGE = YES_ERROR;
				CLANG_WARN_DOCUMENTATION_COMMENTS = YES;
				CLANG_WARN_EMPTY_BODY = YES;
				CLANG_WARN_ENUM_CONVERSION = YES;
				CLANG_WARN_INFINITE_RECURSION = YES;
				CLANG_WARN_INT_CONVERSION = YES;
				CLANG_WARN_NON_LITERAL_NULL_CONVERSION = YES;
				CLANG_WARN_OBJC_IMPLICIT_RETAIN_SELF = YES;
				CLANG_WARN_OBJC_LITERAL_CONVERSION = YES;
				CLANG_WARN_OBJC_ROOT_CLASS = YES_ERROR;
				CLANG_WARN_QUOTED_INCLUDE_IN_FRAMEWORK_HEADER = YES;
				CLANG_WARN_RANGE_LOOP_ANALYSIS = YES;
				CLANG_WARN_STRICT_PROTOTYPES = YES;
				CLANG_WARN_SUSPICIOUS_MOVE = YES;
				CLANG_WARN_UNGUARDED_AVAILABILITY = YES_AGGRESSIVE;
				CLANG_WARN_UNREACHABLE_CODE = YES;
				CLANG_WARN__DUPLICATE_METHOD_MATCH = YES;
				COPY_PHASE_STRIP = NO;
				DEBUG_INFORMATION_FORMAT = dwarf;
				ENABLE_STRICT_OBJC_MSGSEND = YES;
				ENABLE_TESTABILITY = YES;
				ENABLE_USER_SCRIPT_SANDBOXING = YES;
				GCC_C_LANGUAGE_STANDARD = gnu17;
				GCC_DYNAMIC_NO_PIC = NO;
				GCC_NO_COMMON_BLOCKS = YES;
				GCC_OPTIMIZATION_LEVEL = 0;
				GCC_PREPROCESSOR_DEFINITIONS = (
					"DEBUG=1",
					"$(inherited)",
				);
				GCC_WARN_64_TO_32_BIT_CONVERSION = YES;
				GCC_WARN_ABOUT_RETURN_TYPE = YES_ERROR;
				GCC_WARN_UNDECLARED_SELECTOR = YES;
				GCC_WARN_UNINITIALIZED_AUTOS = YES_AGGRESSIVE;
				GCC_WARN_UNUSED_FUNCTION = YES;
				GCC_WARN_UNUSED_VARIABLE = YES;
				IPHONEOS_DEPLOYMENT_TARGET = 18.5;
				LOCALIZATION_PREFERS_STRING_CATALOGS = YES;
				MTL_ENABLE_DEBUG_INFO = INCLUDE_SOURCE;
				MTL_FAST_MATH = YES;
				ONLY_ACTIVE_ARCH = YES;
				SDKROOT = iphoneos;
				SWIFT_ACTIVE_COMPILATION_CONDITIONS = "DEBUG $(inherited)";
				SWIFT_OPTIMIZATION_LEVEL = "-Onone";
			};
			name = Debug;
		};
		7166A5622F04BB55000C5408 /* Release */ = {
			isa = XCBuildConfiguration;
			buildSettings = {
				ALWAYS_SEARCH_USER_PATHS = NO;
				ASSETCATALOG_COMPILER_GENERATE_SWIFT_ASSET_SYMBOL_EXTENSIONS = YES;
				CLANG_ANALYZER_NONNULL = YES;
				CLANG_ANALYZER_NUMBER_OBJECT_CONVERSION = YES_AGGRESSIVE;
				CLANG_CXX_LANGUAGE_STANDARD = "gnu++20";
				CLANG_ENABLE_MODULES = YES;
				CLANG_ENABLE_OBJC_ARC = YES;
				CLANG_ENABLE_OBJC_WEAK = YES;
				CLANG_WARN_BLOCK_CAPTURE_AUTORELEASING = YES;
				CLANG_WARN_BOOL_CONVERSION = YES;
				CLANG_WARN_COMMA = YES;
				CLANG_WARN_CONSTANT_CONVERSION = YES;
				CLANG_WARN_DEPRECATED_OBJC_IMPLEMENTATIONS = YES;
				CLANG_WARN_DIRECT_OBJC_ISA_USAGE = YES_ERROR;
				CLANG_WARN_DOCUMENTATION_COMMENTS = YES;
				CLANG_WARN_EMPTY_BODY = YES;
				CLANG_WARN_ENUM_CONVERSION = YES;
				CLANG_WARN_INFINITE_RECURSION = YES;
				CLANG_WARN_INT_CONVERSION = YES;
				CLANG_WARN_NON_LITERAL_NULL_CONVERSION = YES;
				CLANG_WARN_OBJC_IMPLICIT_RETAIN_SELF = YES;
				CLANG_WARN_OBJC_LITERAL_CONVERSION = YES;
				CLANG_WARN_OBJC_ROOT_CLASS = YES_ERROR;
				CLANG_WARN_QUOTED_INCLUDE_IN_FRAMEWORK_HEADER = YES;
				CLANG_WARN_RANGE_LOOP_ANALYSIS = YES;
				CLANG_WARN_STRICT_PROTOTYPES = YES;
				CLANG_WARN_SUSPICIOUS_MOVE = YES;
				CLANG_WARN_UNGUARDED_AVAILABILITY = YES_AGGRESSIVE;
				CLANG_WARN_UNREACHABLE_CODE = YES;
				CLANG_WARN__DUPLICATE_METHOD_MATCH = YES;
				COPY_PHASE_STRIP = NO;
				DEBUG_INFORMATION_FORMAT = "dwarf-with-dsym";
				ENABLE_NS_ASSERTIONS = NO;
				ENABLE_STRICT_OBJC_MSGSEND = YES;
				ENABLE_USER_SCRIPT_SANDBOXING = YES;
				GCC_C_LANGUAGE_STANDARD = gnu17;
				GCC_NO_COMMON_BLOCKS = YES;
				GCC_WARN_64_TO_32_BIT_CONVERSION = YES;
				GCC_WARN_ABOUT_RETURN_TYPE = YES_ERROR;
				GCC_WARN_UNDECLARED_SELECTOR = YES;
				GCC_WARN_UNINITIALIZED_AUTOS = YES_AGGRESSIVE;
				GCC_WARN_UNUSED_FUNCTION = YES;
				GCC_WARN_UNUSED_VARIABLE = YES;
				IPHONEOS_DEPLOYMENT_TARGET = 18.5;
				LOCALIZATION_PREFERS_STRING_CATALOGS = YES;
				MTL_ENABLE_DEBUG_INFO = NO;
				MTL_FAST_MATH = YES;
				SDKROOT = iphoneos;
				SWIFT_COMPILATION_MODE = wholemodule;
				VALIDATE_PRODUCT = YES;
			};
			name = Release;
		};
		7166A5642F04BB55000C5408 /* Debug */ = {
			isa = XCBuildConfiguration;
			buildSettings = {
				ASSETCATALOG_COMPILER_APPICON_NAME = AppIcon;
				ASSETCATALOG_COMPILER_GLOBAL_ACCENT_COLOR_NAME = AccentColor;
				CODE_SIGN_STYLE = Automatic;
				CURRENT_PROJECT_VERSION = 1;
				ENABLE_PREVIEWS = YES;
				GENERATE_INFOPLIST_FILE = YES;
				INFOPLIST_KEY_UIApplicationSceneManifest_Generation = YES;
				INFOPLIST_KEY_UIApplicationSupportsIndirectInputEvents = YES;
				INFOPLIST_KEY_UILaunchScreen_Generation = YES;
				INFOPLIST_KEY_UISupportedInterfaceOrientations_iPad = "UIInterfaceOrientationPortrait UIInterfaceOrientationPortraitUpsideDown UIInterfaceOrientationLandscapeLeft UIInterfaceOrientationLandscapeRight";
				INFOPLIST_KEY_UISupportedInterfaceOrientations_iPhone = "UIInterfaceOrientationPortrait UIInterfaceOrientationLandscapeLeft UIInterfaceOrientationLandscapeRight";
				LD_RUNPATH_SEARCH_PATHS = (
					"$(inherited)",
					"@executable_path/Frameworks",
				);
				MARKETING_VERSION = 1.0;
				PRODUCT_BUNDLE_IDENTIFIER = com.tian.PotteryClient.PotteryClient;
				PRODUCT_NAME = "$(TARGET_NAME)";
				SWIFT_EMIT_LOC_STRINGS = YES;
				SWIFT_VERSION = 5.0;
				TARGETED_DEVICE_FAMILY = "1,2";
			};
			name = Debug;
		};
		7166A5652F04BB55000C5408 /* Release */ = {
			isa = XCBuildConfiguration;
			buildSettings = {
				ASSETCATALOG_COMPILER_APPICON_NAME = AppIcon;
				ASSETCATALOG_COMPILER_GLOBAL_ACCENT_COLOR_NAME = AccentColor;
				CODE_SIGN_STYLE = Automatic;
				CURRENT_PROJECT_VERSION = 1;
				ENABLE_PREVIEWS = YES;
				GENERATE_INFOPLIST_FILE = YES;
				INFOPLIST_KEY_UIApplicationSceneManifest_Generation = YES;
				INFOPLIST_KEY_UIApplicationSupportsIndirectInputEvents = YES;
				INFOPLIST_KEY_UILaunchScreen_Generation = YES;
				INFOPLIST_KEY_UISupportedInterfaceOrientations_iPad = "UIInterfaceOrientationPortrait UIInterfaceOrientationPortraitUpsideDown UIInterfaceOrientationLandscapeLeft UIInterfaceOrientationLandscapeRight";
				INFOPLIST_KEY_UISupportedInterfaceOrientations_iPhone = "UIInterfaceOrientationPortrait UIInterfaceOrientationLandscapeLeft UIInterfaceOrientationLandscapeRight";
				LD_RUNPATH_SEARCH_PATHS = (
					"$(inherited)",
					"@executable_path/Frameworks",
				);
				MARKETING_VERSION = 1.0;
				PRODUCT_BUNDLE_IDENTIFIER = com.tian.PotteryClient.PotteryClient;
				PRODUCT_NAME = "$(TARGET_NAME)";
				SWIFT_EMIT_LOC_STRINGS = YES;
				SWIFT_VERSION = 5.0;
				TARGETED_DEVICE_FAMILY = "1,2";
			};
			name = Release;
		};
		7166A5672F04BB55000C5408 /* Debug */ = {
			isa = XCBuildConfiguration;
			buildSettings = {
				BUNDLE_LOADER = "$(TEST_HOST)";
				CODE_SIGN_STYLE = Automatic;
				CURRENT_PROJECT_VERSION = 1;
				GENERATE_INFOPLIST_FILE = YES;
				IPHONEOS_DEPLOYMENT_TARGET = 18.5;
				MARKETING_VERSION = 1.0;
				PRODUCT_BUNDLE_IDENTIFIER = com.tian.PotteryClient.PotteryClientTests;
				PRODUCT_NAME = "$(TARGET_NAME)";
				SWIFT_EMIT_LOC_STRINGS = NO;
				SWIFT_VERSION = 5.0;
				TARGETED_DEVICE_FAMILY = "1,2";
				TEST_HOST = "$(BUILT_PRODUCTS_DIR)/PotteryClient.app/$(BUNDLE_EXECUTABLE_FOLDER_PATH)/PotteryClient";
			};
			name = Debug;
		};
		7166A5682F04BB55000C5408 /* Release */ = {
			isa = XCBuildConfiguration;
			buildSettings = {
				BUNDLE_LOADER = "$(TEST_HOST)";
				CODE_SIGN_STYLE = Automatic;
				CURRENT_PROJECT_VERSION = 1;
				GENERATE_INFOPLIST_FILE = YES;
				IPHONEOS_DEPLOYMENT_TARGET = 18.5;
				MARKETING_VERSION = 1.0;
				PRODUCT_BUNDLE_IDENTIFIER = com.tian.PotteryClient.PotteryClientTests;
				PRODUCT_NAME = "$(TARGET_NAME)";
				SWIFT_EMIT_LOC_STRINGS = NO;
				SWIFT_VERSION = 5.0;
				TARGETED_DEVICE_FAMILY = "1,2";
				TEST_HOST = "$(BUILT_PRODUCTS_DIR)/PotteryClient.app/$(BUNDLE_EXECUTABLE_FOLDER_PATH)/PotteryClient";
			};
			name = Release;
		};
		7166A56A2F04BB55000C5408 /* Debug */ = {
			isa = XCBuildConfiguration;
			buildSettings = {
				CODE_SIGN_STYLE = Automatic;
				CURRENT_PROJECT_VERSION = 1;
				GENERATE_INFOPLIST_FILE = YES;
				MARKETING_VERSION = 1.0;
				PRODUCT_BUNDLE_IDENTIFIER = com.tian.PotteryClient.PotteryClientUITests;
				PRODUCT_NAME = "$(TARGET_NAME)";
				SWIFT_EMIT_LOC_STRINGS = NO;
				SWIFT_VERSION = 5.0;
				TARGETED_DEVICE_FAMILY = "1,2";
				TEST_TARGET_NAME = PotteryClient;
			};
			name = Debug;
		};
		7166A56B2F04BB55000C5408 /* Release */ = {
			isa = XCBuildConfiguration;
			buildSettings = {
				CODE_SIGN_STYLE = Automatic;
				CURRENT_PROJECT_VERSION = 1;
				GENERATE_INFOPLIST_FILE = YES;
				MARKETING_VERSION = 1.0;
				PRODUCT_BUNDLE_IDENTIFIER = com.tian.PotteryClient.PotteryClientUITests;
				PRODUCT_NAME = "$(TARGET_NAME)";
				SWIFT_EMIT_LOC_STRINGS = NO;
				SWIFT_VERSION = 5.0;
				TARGETED_DEVICE_FAMILY = "1,2";
				TEST_TARGET_NAME = PotteryClient;
			};
			name = Release;
		};
/* End XCBuildConfiguration section */

/* Begin XCConfigurationList section */
		7166A53D2F04BB54000C5408 /* Build configuration list for PBXProject "PotteryClient" */ = {
			isa = XCConfigurationList;
			buildConfigurations = (
				7166A5612F04BB55000C5408 /* Debug */,
				7166A5622F04BB55000C5408 /* Release */,
			);
			defaultConfigurationIsVisible = 0;
			defaultConfigurationName = Release;
		};
		7166A5632F04BB55000C5408 /* Build configuration list for PBXNativeTarget "PotteryClient" */ = {
			isa = XCConfigurationList;
			buildConfigurations = (
				7166A5642F04BB55000C5408 /* Debug */,
				7166A5652F04BB55000C5408 /* Release */,
			);
			defaultConfigurationIsVisible = 0;
			defaultConfigurationName = Release;
		};
		7166A5662F04BB55000C5408 /* Build configuration list for PBXNativeTarget "PotteryClientTests" */ = {
			isa = XCConfigurationList;
			buildConfigurations = (
				7166A5672F04BB55000C5408 /* Debug */,
				7166A5682F04BB55000C5408 /* Release */,
			);
			defaultConfigurationIsVisible = 0;
			defaultConfigurationName = Release;
		};
		7166A5692F04BB55000C5408 /* Build configuration list for PBXNativeTarget "PotteryClientUITests" */ = {
			isa = XCConfigurationList;
			buildConfigurations = (
				7166A56A2F04BB55000C5408 /* Debug */,
				7166A56B2F04BB55000C5408 /* Release */,
			);
			defaultConfigurationIsVisible = 0;
			defaultConfigurationName = Release;
		};
/* End XCConfigurationList section */

/* Begin XCRemoteSwiftPackageReference section */
		7166A5942F04E92C000C5408 /* XCRemoteSwiftPackageReference "Kingfisher" */ = {
			isa = XCRemoteSwiftPackageReference;
			repositoryURL = "https://github.com/onevcat/Kingfisher";
			requirement = {
				kind = upToNextMajorVersion;
				minimumVersion = 8.6.2;
			};
		};
/* End XCRemoteSwiftPackageReference section */

/* Begin XCSwiftPackageProductDependency section */
		7166A5B72F04EE14000C5408 /* Kingfisher */ = {
			isa = XCSwiftPackageProductDependency;
			package = 7166A5942F04E92C000C5408 /* XCRemoteSwiftPackageReference "Kingfisher" */;
			productName = Kingfisher;
		};
/* End XCSwiftPackageProductDependency section */
	};
	rootObject = 7166A53A2F04BB54000C5408 /* Project object */;
}
