{
  "originHash" : "7aa0925d2bf9c97079d1951b517757bdfe6ea7ed56268008805582a069b464e3",
  "pins" : [
    {
      "identity" : "kingfisher",
      "kind" : "remoteSourceControl",
      "location" : "https://github.com/onevcat/Kingfisher",
      "state" : {
        "revision" : "d30a5fad881137e2267f96a8e3fc35c58999bb94",
        "version" : "8.6.2"
      }
    },
    {
      "identity" : "stripe-ios",
      "kind" : "remoteSourceControl",
      "location" : "https://github.com/stripe/stripe-ios",
      "state" : {
        "revision" : "729265b745b5969ad5fc4805c25f2d37168ca685",
        "version" : "25.3.1"
      }
    }
  ],
  "version" : 3
}
